
Microsoft Visual Studio Solution File, Format Version 12.00
# Visual Studio 15
VisualStudioVersion = 15.0.27428.2043
MinimumVisualStudioVersion = 10.0.40219.1
Project("{FAE04EC0-301F-11D3-BF4B-00C04F79EFBC}") = "AML_test_SDN_updater", "AML_test_SDN_updater\AML_test_SDN_updater.csproj", "{96BC376E-FAE4-4FE4-ADC5-0536E7E175BF}"
EndProject
Global
	GlobalSection(SolutionConfigurationPlatforms) = preSolution
		Debug|Any CPU = Debug|Any CPU
		Release|Any CPU = Release|Any CPU
	EndGlobalSection
	GlobalSection(ProjectConfigurationPlatforms) = postSolution
		{96BC376E-FAE4-4FE4-ADC5-0536E7E175BF}.Debug|Any CPU.ActiveCfg = Debug|Any CPU
		{96BC376E-FAE4-4FE4-ADC5-0536E7E175BF}.Debug|Any CPU.Build.0 = Debug|Any CPU
		{96BC376E-FAE4-4FE4-ADC5-0536E7E175BF}.Release|Any CPU.ActiveCfg = Release|Any CPU
		{96BC376E-FAE4-4FE4-ADC5-0536E7E175BF}.Release|Any CPU.Build.0 = Release|Any CPU
	EndGlobalSection
	GlobalSection(SolutionProperties) = preSolution
		HideSolutionNode = FALSE
	EndGlobalSection
	GlobalSection(ExtensibilityGlobals) = postSolution
		SolutionGuid = {296F3C7C-7872-4CDA-A58A-AEFF0F8E1621}
	EndGlobalSection
EndGlobal
